
Microsoft Visual Studio Solution File, Format Version 12.00
Project("{F2A71F9B-5D33-465A-A702-920D77279786}") = "App", "src\App.fsproj", "{DA74D3CC-8737-47B5-B9F5-108772992B6E}"
EndProject
Project("{2150E333-8FDC-42A3-9474-1A3956D46DE8}") = "Project Files", "Project Files", "{737EBAC3-E45A-4887-B9A8-1EA4A159AF6E}"
	ProjectSection(SolutionItems) = preProject
		.gitignore = .gitignore
		global.json = global.json
		Nuget.Config = Nuget.Config
		package.json = package.json
		README.md = README.md
		webpack.config.js = webpack.config.js
		.github\workflows\fable.yml = .github\workflows\fable.yml
	EndProjectSection
EndProject
Project("{2150E333-8FDC-42A3-9474-1A3956D46DE8}") = "dist", "dist", "{C116B2A2-5FE3-4E49-8CEB-D2FE2E8E8976}"
	ProjectSection(SolutionItems) = preProject
		dist\index.html = dist\index.html
	EndProjectSection
EndProject
Global
	GlobalSection(SolutionConfigurationPlatforms) = preSolution
		Debug|Any CPU = Debug|Any CPU
		Release|Any CPU = Release|Any CPU
	EndGlobalSection
	GlobalSection(ProjectConfigurationPlatforms) = postSolution
		{DA74D3CC-8737-47B5-B9F5-108772992B6E}.Debug|Any CPU.ActiveCfg = Debug|Any CPU
		{DA74D3CC-8737-47B5-B9F5-108772992B6E}.Debug|Any CPU.Build.0 = Debug|Any CPU
	EndGlobalSection
EndGlobal
